// !$*UTF8*$!
{
	archiveVersion = 1;
	classes = {
	};
	objectVersion = 46;
	objects = {

/* Begin PBXBuildFile section */
		5281C35F196DC0B700B5A2C9 /* EditViewController.m in Sources */ = {isa = PBXBuildFile; fileRef = 5281C35E196DC0B700B5A2C9 /* EditViewController.m */; };
		5284DAA0196AE9FD00D8B703 /* Foundation.framework in Frameworks */ = {isa = PBXBuildFile; fileRef = 5284DA9F196AE9FD00D8B703 /* Foundation.framework */; };
		5284DAA2196AE9FD00D8B703 /* CoreGraphics.framework in Frameworks */ = {isa = PBXBuildFile; fileRef = 5284DAA1196AE9FD00D8B703 /* CoreGraphics.framework */; };
		5284DAA4196AE9FD00D8B703 /* UIKit.framework in Frameworks */ = {isa = PBXBuildFile; fileRef = 5284DAA3196AE9FD00D8B703 /* UIKit.framework */; };
		5284DAAA196AE9FD00D8B703 /* InfoPlist.strings in Resources */ = {isa = PBXBuildFile; fileRef = 5284DAA8196AE9FD00D8B703 /* InfoPlist.strings */; };
		5284DAAC196AE9FD00D8B703 /* main.m in Sources */ = {isa = PBXBuildFile; fileRef = 5284DAAB196AE9FD00D8B703 /* main.m */; };
		5284DAB0196AE9FD00D8B703 /* AppDelegate.m in Sources */ = {isa = PBXBuildFile; fileRef = 5284DAAF196AE9FD00D8B703 /* AppDelegate.m */; };
		5284DAB3196AE9FD00D8B703 /* Main.storyboard in Resources */ = {isa = PBXBuildFile; fileRef = 5284DAB1196AE9FD00D8B703 /* Main.storyboard */; };
		5284DAB6196AE9FD00D8B703 /* ViewController.m in Sources */ = {isa = PBXBuildFile; fileRef = 5284DAB5196AE9FD00D8B703 /* ViewController.m */; };
		5284DAB8196AE9FD00D8B703 /* Images.xcassets in Resources */ = {isa = PBXBuildFile; fileRef = 5284DAB7196AE9FD00D8B703 /* Images.xcassets */; };
		5284DABF196AE9FD00D8B703 /* XCTest.framework in Frameworks */ = {isa = PBXBuildFile; fileRef = 5284DABE196AE9FD00D8B703 /* XCTest.framework */; };
		5284DAC0196AE9FD00D8B703 /* Foundation.framework in Frameworks */ = {isa = PBXBuildFile; fileRef = 5284DA9F196AE9FD00D8B703 /* Foundation.framework */; };
		5284DAC1196AE9FD00D8B703 /* UIKit.framework in Frameworks */ = {isa = PBXBuildFile; fileRef = 5284DAA3196AE9FD00D8B703 /* UIKit.framework */; };
		5284DAC9196AE9FD00D8B703 /* InfoPlist.strings in Resources */ = {isa = PBXBuildFile; fileRef = 5284DAC7196AE9FD00D8B703 /* InfoPlist.strings */; };
		5284DACB196AE9FD00D8B703 /* EmployeeDataTests.m in Sources */ = {isa = PBXBuildFile; fileRef = 5284DACA196AE9FD00D8B703 /* EmployeeDataTests.m */; };
		5284DAD6196AEA2200D8B703 /* TableViewController.m in Sources */ = {isa = PBXBuildFile; fileRef = 5284DAD5196AEA2200D8B703 /* TableViewController.m */; };
		5284DAD9196AEA8C00D8B703 /* EmployeeRecord.m in Sources */ = {isa = PBXBuildFile; fileRef = 5284DAD8196AEA8C00D8B703 /* EmployeeRecord.m */; };
		5284DADC196AF0AF00D8B703 /* DetailViewController.m in Sources */ = {isa = PBXBuildFile; fileRef = 5284DADB196AF0AF00D8B703 /* DetailViewController.m */; };
		52F48B46196B180800138667 /* MenuIcon.png in Resources */ = {isa = PBXBuildFile; fileRef = 52F48B45196B180800138667 /* MenuIcon.png */; };
/* End PBXBuildFile section */

/* Begin PBXContainerItemProxy section */
		5284DAC2196AE9FD00D8B703 /* PBXContainerItemProxy */ = {
			isa = PBXContainerItemProxy;
			containerPortal = 5284DA94196AE9FC00D8B703 /* Project object */;
			proxyType = 1;
			remoteGlobalIDString = 5284DA9B196AE9FC00D8B703;
			remoteInfo = EmployeeData;
		};
/* End PBXContainerItemProxy section */

/* Begin PBXFileReference section */
		5281C35D196DC0B700B5A2C9 /* EditViewController.h */ = {isa = PBXFileReference; fileEncoding = 4; lastKnownFileType = sourcecode.c.h; path = EditViewController.h; sourceTree = "<group>"; };
		5281C35E196DC0B700B5A2C9 /* EditViewController.m */ = {isa = PBXFileReference; fileEncoding = 4; lastKnownFileType = sourcecode.c.objc; path = EditViewController.m; sourceTree = "<group>"; };
		5284DA9C196AE9FC00D8B703 /* EmployeeData.app */ = {isa = PBXFileReference; explicitFileType = wrapper.application; includeInIndex = 0; path = EmployeeData.app; sourceTree = BUILT_PRODUCTS_DIR; };
		5284DA9F196AE9FD00D8B703 /* Foundation.framework */ = {isa = PBXFileReference; lastKnownFileType = wrapper.framework; name = Foundation.framework; path = System/Library/Frameworks/Foundation.framework; sourceTree = SDKROOT; };
		5284DAA1196AE9FD00D8B703 /* CoreGraphics.framework */ = {isa = PBXFileReference; lastKnownFileType = wrapper.framework; name = CoreGraphics.framework; path = System/Library/Frameworks/CoreGraphics.framework; sourceTree = SDKROOT; };
		5284DAA3196AE9FD00D8B703 /* UIKit.framework */ = {isa = PBXFileReference; lastKnownFileType = wrapper.framework; name = UIKit.framework; path = System/Library/Frameworks/UIKit.framework; sourceTree = SDKROOT; };
		5284DAA7196AE9FD00D8B703 /* EmployeeData-Info.plist */ = {isa = PBXFileReference; lastKnownFileType = text.plist.xml; path = "EmployeeData-Info.plist"; sourceTree = "<group>"; };
		5284DAA9196AE9FD00D8B703 /* en */ = {isa = PBXFileReference; lastKnownFileType = text.plist.strings; name = en; path = en.lproj/InfoPlist.strings; sourceTree = "<group>"; };
		5284DAAB196AE9FD00D8B703 /* main.m */ = {isa = PBXFileReference; lastKnownFileType = sourcecode.c.objc; path = main.m; sourceTree = "<group>"; };
		5284DAAD196AE9FD00D8B703 /* EmployeeData-Prefix.pch */ = {isa = PBXFileReference; lastKnownFileType = sourcecode.c.h; path = "EmployeeData-Prefix.pch"; sourceTree = "<group>"; };
		5284DAAE196AE9FD00D8B703 /* AppDelegate.h */ = {isa = PBXFileReference; lastKnownFileType = sourcecode.c.h; path = AppDelegate.h; sourceTree = "<group>"; };
		5284DAAF196AE9FD00D8B703 /* AppDelegate.m */ = {isa = PBXFileReference; lastKnownFileType = sourcecode.c.objc; path = AppDelegate.m; sourceTree = "<group>"; };
		5284DAB2196AE9FD00D8B703 /* Base */ = {isa = PBXFileReference; lastKnownFileType = file.storyboard; name = Base; path = Base.lproj/Main.storyboard; sourceTree = "<group>"; };
		5284DAB4196AE9FD00D8B703 /* ViewController.h */ = {isa = PBXFileReference; lastKnownFileType = sourcecode.c.h; path = ViewController.h; sourceTree = "<group>"; };
		5284DAB5196AE9FD00D8B703 /* ViewController.m */ = {isa = PBXFileReference; lastKnownFileType = sourcecode.c.objc; path = ViewController.m; sourceTree = "<group>"; };
		5284DAB7196AE9FD00D8B703 /* Images.xcassets */ = {isa = PBXFileReference; lastKnownFileType = folder.assetcatalog; path = Images.xcassets; sourceTree = "<group>"; };
		5284DABD196AE9FD00D8B703 /* EmployeeDataTests.xctest */ = {isa = PBXFileReference; explicitFileType = wrapper.cfbundle; includeInIndex = 0; path = EmployeeDataTests.xctest; sourceTree = BUILT_PRODUCTS_DIR; };
		5284DABE196AE9FD00D8B703 /* XCTest.framework */ = {isa = PBXFileReference; lastKnownFileType = wrapper.framework; name = XCTest.framework; path = Library/Frameworks/XCTest.framework; sourceTree = DEVELOPER_DIR; };
		5284DAC6196AE9FD00D8B703 /* EmployeeDataTests-Info.plist */ = {isa = PBXFileReference; lastKnownFileType = text.plist.xml; path = "EmployeeDataTests-Info.plist"; sourceTree = "<group>"; };
		5284DAC8196AE9FD00D8B703 /* en */ = {isa = PBXFileReference; lastKnownFileType = text.plist.strings; name = en; path = en.lproj/InfoPlist.strings; sourceTree = "<group>"; };
		5284DACA196AE9FD00D8B703 /* EmployeeDataTests.m */ = {isa = PBXFileReference; lastKnownFileType = sourcecode.c.objc; path = EmployeeDataTests.m; sourceTree = "<group>"; };
		5284DAD4196AEA2200D8B703 /* TableViewController.h */ = {isa = PBXFileReference; fileEncoding = 4; lastKnownFileType = sourcecode.c.h; path = TableViewController.h; sourceTree = "<group>"; };
		5284DAD5196AEA2200D8B703 /* TableViewController.m */ = {isa = PBXFileReference; fileEncoding = 4; lastKnownFileType = sourcecode.c.objc; path = TableViewController.m; sourceTree = "<group>"; };
		5284DAD7196AEA8C00D8B703 /* EmployeeRecord.h */ = {isa = PBXFileReference; fileEncoding = 4; lastKnownFileType = sourcecode.c.h; path = EmployeeRecord.h; sourceTree = "<group>"; };
		5284DAD8196AEA8C00D8B703 /* EmployeeRecord.m */ = {isa = PBXFileReference; fileEncoding = 4; lastKnownFileType = sourcecode.c.objc; path = EmployeeRecord.m; sourceTree = "<group>"; };
		5284DADA196AF0AF00D8B703 /* DetailViewController.h */ = {isa = PBXFileReference; fileEncoding = 4; lastKnownFileType = sourcecode.c.h; path = DetailViewController.h; sourceTree = "<group>"; };
		5284DADB196AF0AF00D8B703 /* DetailViewController.m */ = {isa = PBXFileReference; fileEncoding = 4; lastKnownFileType = sourcecode.c.objc; path = DetailViewController.m; sourceTree = "<group>"; };
		52F48B45196B180800138667 /* MenuIcon.png */ = {isa = PBXFileReference; lastKnownFileType = image.png; path = MenuIcon.png; sourceTree = "<group>"; };
/* End PBXFileReference section */

/* Begin PBXFrameworksBuildPhase section */
		5284DA99196AE9FC00D8B703 /* Frameworks */ = {
			isa = PBXFrameworksBuildPhase;
			buildActionMask = 2147483647;
			files = (
				5284DAA2196AE9FD00D8B703 /* CoreGraphics.framework in Frameworks */,
				5284DAA4196AE9FD00D8B703 /* UIKit.framework in Frameworks */,
				5284DAA0196AE9FD00D8B703 /* Foundation.framework in Frameworks */,
			);
			runOnlyForDeploymentPostprocessing = 0;
		};
		5284DABA196AE9FD00D8B703 /* Frameworks */ = {
			isa = PBXFrameworksBuildPhase;
			buildActionMask = 2147483647;
			files = (
				5284DABF196AE9FD00D8B703 /* XCTest.framework in Frameworks */,
				5284DAC1196AE9FD00D8B703 /* UIKit.framework in Frameworks */,
				5284DAC0196AE9FD00D8B703 /* Foundation.framework in Frameworks */,
			);
			runOnlyForDeploymentPostprocessing = 0;
		};
/* End PBXFrameworksBuildPhase section */

/* Begin PBXGroup section */
		5284DA93196AE9FC00D8B703 = {
			isa = PBXGroup;
			children = (
				5284DAA5196AE9FD00D8B703 /* EmployeeData */,
				5284DAC4196AE9FD00D8B703 /* EmployeeDataTests */,
				5284DA9E196AE9FC00D8B703 /* Frameworks */,
				5284DA9D196AE9FC00D8B703 /* Products */,
			);
			sourceTree = "<group>";
		};
		5284DA9D196AE9FC00D8B703 /* Products */ = {
			isa = PBXGroup;
			children = (
				5284DA9C196AE9FC00D8B703 /* EmployeeData.app */,
				5284DABD196AE9FD00D8B703 /* EmployeeDataTests.xctest */,
			);
			name = Products;
			sourceTree = "<group>";
		};
		5284DA9E196AE9FC00D8B703 /* Frameworks */ = {
			isa = PBXGroup;
			children = (
				5284DA9F196AE9FD00D8B703 /* Foundation.framework */,
				5284DAA1196AE9FD00D8B703 /* CoreGraphics.framework */,
				5284DAA3196AE9FD00D8B703 /* UIKit.framework */,
				5284DABE196AE9FD00D8B703 /* XCTest.framework */,
			);
			name = Frameworks;
			sourceTree = "<group>";
		};
		5284DAA5196AE9FD00D8B703 /* EmployeeData */ = {
			isa = PBXGroup;
			children = (
				5284DAAE196AE9FD00D8B703 /* AppDelegate.h */,
				5284DAAF196AE9FD00D8B703 /* AppDelegate.m */,
				5284DAB1196AE9FD00D8B703 /* Main.storyboard */,
				5284DAB4196AE9FD00D8B703 /* ViewController.h */,
				5284DAB5196AE9FD00D8B703 /* ViewController.m */,
				5284DAD4196AEA2200D8B703 /* TableViewController.h */,
				5284DAD5196AEA2200D8B703 /* TableViewController.m */,
				5284DADA196AF0AF00D8B703 /* DetailViewController.h */,
				5284DADB196AF0AF00D8B703 /* DetailViewController.m */,
				5281C35D196DC0B700B5A2C9 /* EditViewController.h */,
				5281C35E196DC0B700B5A2C9 /* EditViewController.m */,
				5284DAD7196AEA8C00D8B703 /* EmployeeRecord.h */,
				5284DAD8196AEA8C00D8B703 /* EmployeeRecord.m */,
				5284DAB7196AE9FD00D8B703 /* Images.xcassets */,
				5284DAA6196AE9FD00D8B703 /* Supporting Files */,
			);
			path = EmployeeData;
			sourceTree = "<group>";
		};
		5284DAA6196AE9FD00D8B703 /* Supporting Files */ = {
			isa = PBXGroup;
			children = (
				52F48B45196B180800138667 /* MenuIcon.png */,
				5284DAA7196AE9FD00D8B703 /* EmployeeData-Info.plist */,
				5284DAA8196AE9FD00D8B703 /* InfoPlist.strings */,
				5284DAAB196AE9FD00D8B703 /* main.m */,
				5284DAAD196AE9FD00D8B703 /* EmployeeData-Prefix.pch */,
			);
			name = "Supporting Files";
			sourceTree = "<group>";
		};
		5284DAC4196AE9FD00D8B703 /* EmployeeDataTests */ = {
			isa = PBXGroup;
			children = (
				5284DACA196AE9FD00D8B703 /* EmployeeDataTests.m */,
				5284DAC5196AE9FD00D8B703 /* Supporting Files */,
			);
			path = EmployeeDataTests;
			sourceTree = "<group>";
		};
		5284DAC5196AE9FD00D8B703 /* Supporting Files */ = {
			isa = PBXGroup;
			children = (
				5284DAC6196AE9FD00D8B703 /* EmployeeDataTests-Info.plist */,
				5284DAC7196AE9FD00D8B703 /* InfoPlist.strings */,
			);
			name = "Supporting Files";
			sourceTree = "<group>";
		};
/* End PBXGroup section */

/* Begin PBXNativeTarget section */
		5284DA9B196AE9FC00D8B703 /* EmployeeData */ = {
			isa = PBXNativeTarget;
			buildConfigurationList = 5284DACE196AE9FD00D8B703 /* Build configuration list for PBXNativeTarget "EmployeeData" */;
			buildPhases = (
				5284DA98196AE9FC00D8B703 /* Sources */,
				5284DA99196AE9FC00D8B703 /* Frameworks */,
				5284DA9A196AE9FC00D8B703 /* Resources */,
			);
			buildRules = (
			);
			dependencies = (
			);
			name = EmployeeData;
			productName = EmployeeData;
			productReference = 5284DA9C196AE9FC00D8B703 /* EmployeeData.app */;
			productType = "com.apple.product-type.application";
		};
		5284DABC196AE9FD00D8B703 /* EmployeeDataTests */ = {
			isa = PBXNativeTarget;
			buildConfigurationList = 5284DAD1196AE9FD00D8B703 /* Build configuration list for PBXNativeTarget "EmployeeDataTests" */;
			buildPhases = (
				5284DAB9196AE9FD00D8B703 /* Sources */,
				5284DABA196AE9FD00D8B703 /* Frameworks */,
				5284DABB196AE9FD00D8B703 /* Resources */,
			);
			buildRules = (
			);
			dependencies = (
				5284DAC3196AE9FD00D8B703 /* PBXTargetDependency */,
			);
			name = EmployeeDataTests;
			productName = EmployeeDataTests;
			productReference = 5284DABD196AE9FD00D8B703 /* EmployeeDataTests.xctest */;
			productType = "com.apple.product-type.bundle.unit-test";
		};
/* End PBXNativeTarget section */

/* Begin PBXProject section */
		5284DA94196AE9FC00D8B703 /* Project object */ = {
			isa = PBXProject;
			attributes = {
				LastUpgradeCheck = 0510;
				ORGANIZATIONNAME = "Joffrey Mann";
				TargetAttributes = {
					5284DABC196AE9FD00D8B703 = {
						TestTargetID = 5284DA9B196AE9FC00D8B703;
					};
				};
			};
			buildConfigurationList = 5284DA97196AE9FC00D8B703 /* Build configuration list for PBXProject "EmployeeData" */;
			compatibilityVersion = "Xcode 3.2";
			developmentRegion = English;
			hasScannedForEncodings = 0;
			knownRegions = (
				en,
				Base,
			);
			mainGroup = 5284DA93196AE9FC00D8B703;
			productRefGroup = 5284DA9D196AE9FC00D8B703 /* Products */;
			projectDirPath = "";
			projectRoot = "";
			targets = (
				5284DA9B196AE9FC00D8B703 /* EmployeeData */,
				5284DABC196AE9FD00D8B703 /* EmployeeDataTests */,
			);
		};
/* End PBXProject section */

/* Begin PBXResourcesBuildPhase section */
		5284DA9A196AE9FC00D8B703 /* Resources */ = {
			isa = PBXResourcesBuildPhase;
			buildActionMask = 2147483647;
			files = (
				5284DAB8196AE9FD00D8B703 /* Images.xcassets in Resources */,
				52F48B46196B180800138667 /* MenuIcon.png in Resources */,
				5284DAAA196AE9FD00D8B703 /* InfoPlist.strings in Resources */,
				5284DAB3196AE9FD00D8B703 /* Main.storyboard in Resources */,
			);
			runOnlyForDeploymentPostprocessing = 0;
		};
		5284DABB196AE9FD00D8B703 /* Resources */ = {
			isa = PBXResourcesBuildPhase;
			buildActionMask = 2147483647;
			files = (
				5284DAC9196AE9FD00D8B703 /* InfoPlist.strings in Resources */,
			);
			runOnlyForDeploymentPostprocessing = 0;
		};
/* End PBXResourcesBuildPhase section */

/* Begin PBXSourcesBuildPhase section */
		5284DA98196AE9FC00D8B703 /* Sources */ = {
			isa = PBXSourcesBuildPhase;
			buildActionMask = 2147483647;
			files = (
				5284DAB6196AE9FD00D8B703 /* ViewController.m in Sources */,
				5284DAB0196AE9FD00D8B703 /* AppDelegate.m in Sources */,
				5284DAD9196AEA8C00D8B703 /* EmployeeRecord.m in Sources */,
				5281C35F196DC0B700B5A2C9 /* EditViewController.m in Sources */,
				5284DAAC196AE9FD00D8B703 /* main.m in Sources */,
				5284DAD6196AEA2200D8B703 /* TableViewController.m in Sources */,
				5284DADC196AF0AF00D8B703 /* DetailViewController.m in Sources */,
			);
			runOnlyForDeploymentPostprocessing = 0;
		};
		5284DAB9196AE9FD00D8B703 /* Sources */ = {
			isa = PBXSourcesBuildPhase;
			buildActionMask = 2147483647;
			files = (
				5284DACB196AE9FD00D8B703 /* EmployeeDataTests.m in Sources */,
			);
			runOnlyForDeploymentPostprocessing = 0;
		};
/* End PBXSourcesBuildPhase section */

/* Begin PBXTargetDependency section */
		5284DAC3196AE9FD00D8B703 /* PBXTargetDependency */ = {
			isa = PBXTargetDependency;
			target = 5284DA9B196AE9FC00D8B703 /* EmployeeData */;
			targetProxy = 5284DAC2196AE9FD00D8B703 /* PBXContainerItemProxy */;
		};
/* End PBXTargetDependency section */

/* Begin PBXVariantGroup section */
		5284DAA8196AE9FD00D8B703 /* InfoPlist.strings */ = {
			isa = PBXVariantGroup;
			children = (
				5284DAA9196AE9FD00D8B703 /* en */,
			);
			name = InfoPlist.strings;
			sourceTree = "<group>";
		};
		5284DAB1196AE9FD00D8B703 /* Main.storyboard */ = {
			isa = PBXVariantGroup;
			children = (
				5284DAB2196AE9FD00D8B703 /* Base */,
			);
			name = Main.storyboard;
			sourceTree = "<group>";
		};
		5284DAC7196AE9FD00D8B703 /* InfoPlist.strings */ = {
			isa = PBXVariantGroup;
			children = (
				5284DAC8196AE9FD00D8B703 /* en */,
			);
			name = InfoPlist.strings;
			sourceTree = "<group>";
		};
/* End PBXVariantGroup section */

/* Begin XCBuildConfiguration section */
		5284DACC196AE9FD00D8B703 /* Debug */ = {
			isa = XCBuildConfiguration;
			buildSettings = {
				ALWAYS_SEARCH_USER_PATHS = NO;
				CLANG_CXX_LANGUAGE_STANDARD = "gnu++0x";
				CLANG_CXX_LIBRARY = "libc++";
				CLANG_ENABLE_MODULES = YES;
				CLANG_ENABLE_OBJC_ARC = YES;
				CLANG_WARN_BOOL_CONVERSION = YES;
				CLANG_WARN_CONSTANT_CONVERSION = YES;
				CLANG_WARN_DIRECT_OBJC_ISA_USAGE = YES_ERROR;
				CLANG_WARN_EMPTY_BODY = YES;
				CLANG_WARN_ENUM_CONVERSION = YES;
				CLANG_WARN_INT_CONVERSION = YES;
				CLANG_WARN_OBJC_ROOT_CLASS = YES_ERROR;
				CLANG_WARN__DUPLICATE_METHOD_MATCH = YES;
				"CODE_SIGN_IDENTITY[sdk=iphoneos*]" = "iPhone Developer";
				COPY_PHASE_STRIP = NO;
				GCC_C_LANGUAGE_STANDARD = gnu99;
				GCC_DYNAMIC_NO_PIC = NO;
				GCC_OPTIMIZATION_LEVEL = 0;
				GCC_PREPROCESSOR_DEFINITIONS = (
					"DEBUG=1",
					"$(inherited)",
				);
				GCC_SYMBOLS_PRIVATE_EXTERN = NO;
				GCC_WARN_64_TO_32_BIT_CONVERSION = YES;
				GCC_WARN_ABOUT_RETURN_TYPE = YES_ERROR;
				GCC_WARN_UNDECLARED_SELECTOR = YES;
				GCC_WARN_UNINITIALIZED_AUTOS = YES_AGGRESSIVE;
				GCC_WARN_UNUSED_FUNCTION = YES;
				GCC_WARN_UNUSED_VARIABLE = YES;
				IPHONEOS_DEPLOYMENT_TARGET = 7.1;
				ONLY_ACTIVE_ARCH = YES;
				SDKROOT = iphoneos;
			};
			name = Debug;
		};
		5284DACD196AE9FD00D8B703 /* Release */ = {
			isa = XCBuildConfiguration;
			buildSettings = {
				ALWAYS_SEARCH_USER_PATHS = NO;
				CLANG_CXX_LANGUAGE_STANDARD = "gnu++0x";
				CLANG_CXX_LIBRARY = "libc++";
				CLANG_ENABLE_MODULES = YES;
				CLANG_ENABLE_OBJC_ARC = YES;
				CLANG_WARN_BOOL_CONVERSION = YES;
				CLANG_WARN_CONSTANT_CONVERSION = YES;
				CLANG_WARN_DIRECT_OBJC_ISA_USAGE = YES_ERROR;
				CLANG_WARN_EMPTY_BODY = YES;
				CLANG_WARN_ENUM_CONVERSION = YES;
				CLANG_WARN_INT_CONVERSION = YES;
				CLANG_WARN_OBJC_ROOT_CLASS = YES_ERROR;
				CLANG_WARN__DUPLICATE_METHOD_MATCH = YES;
				"CODE_SIGN_IDENTITY[sdk=iphoneos*]" = "iPhone Developer";
				COPY_PHASE_STRIP = YES;
				ENABLE_NS_ASSERTIONS = NO;
				GCC_C_LANGUAGE_STANDARD = gnu99;
				GCC_WARN_64_TO_32_BIT_CONVERSION = YES;
				GCC_WARN_ABOUT_RETURN_TYPE = YES_ERROR;
				GCC_WARN_UNDECLARED_SELECTOR = YES;
				GCC_WARN_UNINITIALIZED_AUTOS = YES_AGGRESSIVE;
				GCC_WARN_UNUSED_FUNCTION = YES;
				GCC_WARN_UNUSED_VARIABLE = YES;
				IPHONEOS_DEPLOYMENT_TARGET = 7.1;
				SDKROOT = iphoneos;
				VALIDATE_PRODUCT = YES;
			};
			name = Release;
		};
		5284DACF196AE9FD00D8B703 /* Debug */ = {
			isa = XCBuildConfiguration;
			buildSettings = {
				ASSETCATALOG_COMPILER_APPICON_NAME = AppIcon;
				ASSETCATALOG_COMPILER_LAUNCHIMAGE_NAME = LaunchImage;
				GCC_PRECOMPILE_PREFIX_HEADER = YES;
				GCC_PREFIX_HEADER = "EmployeeData/EmployeeData-Prefix.pch";
				INFOPLIST_FILE = "EmployeeData/EmployeeData-Info.plist";
				PRODUCT_NAME = "$(TARGET_NAME)";
				WRAPPER_EXTENSION = app;
			};
			name = Debug;
		};
		5284DAD0196AE9FD00D8B703 /* Release */ = {
			isa = XCBuildConfiguration;
			buildSettings = {
				ASSETCATALOG_COMPILER_APPICON_NAME = AppIcon;
				ASSETCATALOG_COMPILER_LAUNCHIMAGE_NAME = LaunchImage;
				GCC_PRECOMPILE_PREFIX_HEADER = YES;
				GCC_PREFIX_HEADER = "EmployeeData/EmployeeData-Prefix.pch";
				INFOPLIST_FILE = "EmployeeData/EmployeeData-Info.plist";
				PRODUCT_NAME = "$(TARGET_NAME)";
				WRAPPER_EXTENSION = app;
			};
			name = Release;
		};
		5284DAD2196AE9FD00D8B703 /* Debug */ = {
			isa = XCBuildConfiguration;
			buildSettings = {
				BUNDLE_LOADER = "$(BUILT_PRODUCTS_DIR)/EmployeeData.app/EmployeeData";
				FRAMEWORK_SEARCH_PATHS = (
					"$(SDKROOT)/Developer/Library/Frameworks",
					"$(inherited)",
					"$(DEVELOPER_FRAMEWORKS_DIR)",
				);
				GCC_PRECOMPILE_PREFIX_HEADER = YES;
				GCC_PREFIX_HEADER = "EmployeeData/EmployeeData-Prefix.pch";
				GCC_PREPROCESSOR_DEFINITIONS = (
					"DEBUG=1",
					"$(inherited)",
				);
				INFOPLIST_FILE = "EmployeeDataTests/EmployeeDataTests-Info.plist";
				PRODUCT_NAME = "$(TARGET_NAME)";
				TEST_HOST = "$(BUNDLE_LOADER)";
				WRAPPER_EXTENSION = xctest;
			};
			name = Debug;
		};
		5284DAD3196AE9FD00D8B703 /* Release */ = {
			isa = XCBuildConfiguration;
			buildSettings = {
				BUNDLE_LOADER = "$(BUILT_PRODUCTS_DIR)/EmployeeData.app/EmployeeData";
				FRAMEWORK_SEARCH_PATHS = (
					"$(SDKROOT)/Developer/Library/Frameworks",
					"$(inherited)",
					"$(DEVELOPER_FRAMEWORKS_DIR)",
				);
				GCC_PRECOMPILE_PREFIX_HEADER = YES;
				GCC_PREFIX_HEADER = "EmployeeData/EmployeeData-Prefix.pch";
				INFOPLIST_FILE = "EmployeeDataTests/EmployeeDataTests-Info.plist";
				PRODUCT_NAME = "$(TARGET_NAME)";
				TEST_HOST = "$(BUNDLE_LOADER)";
				WRAPPER_EXTENSION = xctest;
			};
			name = Release;
		};
/* End XCBuildConfiguration section */

/* Begin XCConfigurationList section */
		5284DA97196AE9FC00D8B703 /* Build configuration list for PBXProject "EmployeeData" */ = {
			isa = XCConfigurationList;
			buildConfigurations = (
				5284DACC196AE9FD00D8B703 /* Debug */,
				5284DACD196AE9FD00D8B703 /* Release */,
			);
			defaultConfigurationIsVisible = 0;
			defaultConfigurationName = Release;
		};
		5284DACE196AE9FD00D8B703 /* Build configuration list for PBXNativeTarget "EmployeeData" */ = {
			isa = XCConfigurationList;
			buildConfigurations = (
				5284DACF196AE9FD00D8B703 /* Debug */,
				5284DAD0196AE9FD00D8B703 /* Release */,
			);
			defaultConfigurationIsVisible = 0;
			defaultConfigurationName = Release;
		};
		5284DAD1196AE9FD00D8B703 /* Build configuration list for PBXNativeTarget "EmployeeDataTests" */ = {
			isa = XCConfigurationList;
			buildConfigurations = (
				5284DAD2196AE9FD00D8B703 /* Debug */,
				5284DAD3196AE9FD00D8B703 /* Release */,
			);
			defaultConfigurationIsVisible = 0;
			defaultConfigurationName = Release;
		};
/* End XCConfigurationList section */
	};
	rootObject = 5284DA94196AE9FC00D8B703 /* Project object */;
}
